
Microsoft Visual Studio Solution File, Format Version 12.00
# Visual Studio Version 16
VisualStudioVersion = 16.0.29424.173
MinimumVisualStudioVersion = 10.0.40219.1
Project("{FAE04EC0-301F-11D3-BF4B-00C04F79EFBC}") = "CleanEmotes", "CleanEmotes\CleanEmotes.csproj", "{638818A0-9614-4170-944F-AD5D978F6E07}"
EndProject
Global
	GlobalSection(SolutionConfigurationPlatforms) = preSolution
		Debug|Any CPU = Debug|Any CPU
		Release|Any CPU = Release|Any CPU
	EndGlobalSection
	GlobalSection(ProjectConfigurationPlatforms) = postSolution
		{638818A0-9614-4170-944F-AD5D978F6E07}.Debug|Any CPU.ActiveCfg = Debug|Any CPU
		{638818A0-9614-4170-944F-AD5D978F6E07}.Debug|Any CPU.Build.0 = Debug|Any CPU
		{638818A0-9614-4170-944F-AD5D978F6E07}.Release|Any CPU.ActiveCfg = Release|Any CPU
		{638818A0-9614-4170-944F-AD5D978F6E07}.Release|Any CPU.Build.0 = Release|Any CPU
	EndGlobalSection
	GlobalSection(SolutionProperties) = preSolution
		HideSolutionNode = FALSE
	EndGlobalSection
	GlobalSection(ExtensibilityGlobals) = postSolution
		SolutionGuid = {3A5BD2BA-5E9F-41E5-B6C9-54A716ADEF03}
	EndGlobalSection
EndGlobal
