
Microsoft Visual Studio Solution File, Format Version 12.00
# Visual Studio Version 16
VisualStudioVersion = 16.0.29905.134
MinimumVisualStudioVersion = 10.0.40219.1
Project("{FAE04EC0-301F-11D3-BF4B-00C04F79EFBC}") = "Pizzaria", "Pizzaria\Pizzaria.csproj", "{02A3A89A-76CC-429E-833E-BF6C5C992C8E}"
EndProject
Global
	GlobalSection(SolutionConfigurationPlatforms) = preSolution
		Debug|Any CPU = Debug|Any CPU
		Release|Any CPU = Release|Any CPU
	EndGlobalSection
	GlobalSection(ProjectConfigurationPlatforms) = postSolution
		{02A3A89A-76CC-429E-833E-BF6C5C992C8E}.Debug|Any CPU.ActiveCfg = Debug|Any CPU
		{02A3A89A-76CC-429E-833E-BF6C5C992C8E}.Debug|Any CPU.Build.0 = Debug|Any CPU
		{02A3A89A-76CC-429E-833E-BF6C5C992C8E}.Release|Any CPU.ActiveCfg = Release|Any CPU
		{02A3A89A-76CC-429E-833E-BF6C5C992C8E}.Release|Any CPU.Build.0 = Release|Any CPU
	EndGlobalSection
	GlobalSection(SolutionProperties) = preSolution
		HideSolutionNode = FALSE
	EndGlobalSection
	GlobalSection(ExtensibilityGlobals) = postSolution
		SolutionGuid = {DDA865E2-9AD0-41D5-8CCA-288C6D2A03B9}
	EndGlobalSection
EndGlobal
