
Microsoft Visual Studio Solution File, Format Version 12.00
# Visual Studio Version 16
VisualStudioVersion = 16.0.30503.244
MinimumVisualStudioVersion = 10.0.40219.1
Project("{FAE04EC0-301F-11D3-BF4B-00C04F79EFBC}") = "LoginSystemDB", "LoginSystemDB\LoginSystemDB.csproj", "{68D133D8-3D2B-4E0B-93B5-E0488BC6117B}"
EndProject
Project("{FAE04EC0-301F-11D3-BF4B-00C04F79EFBC}") = "LoginDatabase", "Database\LoginDatabase.csproj", "{252BEA84-612C-4500-825A-D00D43DBF053}"
EndProject
Project("{FAE04EC0-301F-11D3-BF4B-00C04F79EFBC}") = "Common", "Common\Common.csproj", "{11221F17-018F-44E6-93D9-379C55D3BCA8}"
EndProject
Global
	GlobalSection(SolutionConfigurationPlatforms) = preSolution
		Debug|Any CPU = Debug|Any CPU
		Release|Any CPU = Release|Any CPU
	EndGlobalSection
	GlobalSection(ProjectConfigurationPlatforms) = postSolution
		{68D133D8-3D2B-4E0B-93B5-E0488BC6117B}.Debug|Any CPU.ActiveCfg = Debug|Any CPU
		{68D133D8-3D2B-4E0B-93B5-E0488BC6117B}.Debug|Any CPU.Build.0 = Debug|Any CPU
		{68D133D8-3D2B-4E0B-93B5-E0488BC6117B}.Release|Any CPU.ActiveCfg = Release|Any CPU
		{68D133D8-3D2B-4E0B-93B5-E0488BC6117B}.Release|Any CPU.Build.0 = Release|Any CPU
		{252BEA84-612C-4500-825A-D00D43DBF053}.Debug|Any CPU.ActiveCfg = Debug|Any CPU
		{252BEA84-612C-4500-825A-D00D43DBF053}.Debug|Any CPU.Build.0 = Debug|Any CPU
		{252BEA84-612C-4500-825A-D00D43DBF053}.Release|Any CPU.ActiveCfg = Release|Any CPU
		{252BEA84-612C-4500-825A-D00D43DBF053}.Release|Any CPU.Build.0 = Release|Any CPU
		{11221F17-018F-44E6-93D9-379C55D3BCA8}.Debug|Any CPU.ActiveCfg = Debug|Any CPU
		{11221F17-018F-44E6-93D9-379C55D3BCA8}.Debug|Any CPU.Build.0 = Debug|Any CPU
		{11221F17-018F-44E6-93D9-379C55D3BCA8}.Release|Any CPU.ActiveCfg = Release|Any CPU
		{11221F17-018F-44E6-93D9-379C55D3BCA8}.Release|Any CPU.Build.0 = Release|Any CPU
	EndGlobalSection
	GlobalSection(SolutionProperties) = preSolution
		HideSolutionNode = FALSE
	EndGlobalSection
	GlobalSection(ExtensibilityGlobals) = postSolution
		SolutionGuid = {772095F4-8D57-4C4D-AC65-9987C11FC55A}
	EndGlobalSection
EndGlobal
