
Microsoft Visual Studio Solution File, Format Version 12.00
# Visual Studio Version 16
VisualStudioVersion = 16.0.29215.179
MinimumVisualStudioVersion = 10.0.40219.1
Project("{FAE04EC0-301F-11D3-BF4B-00C04F79EFBC}") = "Idea Generator", "Idea Generator\Idea Generator.csproj", "{BDB89F9C-B496-4404-85AB-A926AFFA7468}"
EndProject
Global
	GlobalSection(SolutionConfigurationPlatforms) = preSolution
		Debug|Any CPU = Debug|Any CPU
		Release|Any CPU = Release|Any CPU
	EndGlobalSection
	GlobalSection(ProjectConfigurationPlatforms) = postSolution
		{BDB89F9C-B496-4404-85AB-A926AFFA7468}.Debug|Any CPU.ActiveCfg = Debug|Any CPU
		{BDB89F9C-B496-4404-85AB-A926AFFA7468}.Debug|Any CPU.Build.0 = Debug|Any CPU
		{BDB89F9C-B496-4404-85AB-A926AFFA7468}.Release|Any CPU.ActiveCfg = Release|Any CPU
		{BDB89F9C-B496-4404-85AB-A926AFFA7468}.Release|Any CPU.Build.0 = Release|Any CPU
	EndGlobalSection
	GlobalSection(SolutionProperties) = preSolution
		HideSolutionNode = FALSE
	EndGlobalSection
	GlobalSection(ExtensibilityGlobals) = postSolution
		SolutionGuid = {21B712B3-0948-48E6-AACF-18CCE5169233}
	EndGlobalSection
EndGlobal
